
Microsoft Visual Studio Solution File, Format Version 11.00
# Visual Studio 2010
Project("{FAE04EC0-301F-11D3-BF4B-00C04F79EFBC}") = "qunar", "qunar\qunar.csproj", "{CED39C2A-A63A-45D0-AEC7-FF6876239FA5}"
EndProject
Global
	GlobalSection(SolutionConfigurationPlatforms) = preSolution
		Debug|x86 = Debug|x86
		Release|x86 = Release|x86
	EndGlobalSection
	GlobalSection(ProjectConfigurationPlatforms) = postSolution
		{CED39C2A-A63A-45D0-AEC7-FF6876239FA5}.Debug|x86.ActiveCfg = Debug|x86
		{CED39C2A-A63A-45D0-AEC7-FF6876239FA5}.Debug|x86.Build.0 = Debug|x86
		{CED39C2A-A63A-45D0-AEC7-FF6876239FA5}.Release|x86.ActiveCfg = Release|x86
		{CED39C2A-A63A-45D0-AEC7-FF6876239FA5}.Release|x86.Build.0 = Release|x86
	EndGlobalSection
	GlobalSection(SolutionProperties) = preSolution
		HideSolutionNode = FALSE
	EndGlobalSection
EndGlobal
